
Microsoft Visual Studio Solution File, Format Version 12.00
# Visual Studio 15
VisualStudioVersion = 15.0.28307.136
MinimumVisualStudioVersion = 10.0.40219.1
Project("{FAE04EC0-301F-11D3-BF4B-00C04F79EFBC}") = "XCentium.Web", "XCentium.Web\XCentium.Web.csproj", "{DD6CF15B-DFC3-4564-949F-575FD0BDCF20}"
EndProject
Global
	GlobalSection(SolutionConfigurationPlatforms) = preSolution
		Debug|Any CPU = Debug|Any CPU
		Release|Any CPU = Release|Any CPU
	EndGlobalSection
	GlobalSection(ProjectConfigurationPlatforms) = postSolution
		{DD6CF15B-DFC3-4564-949F-575FD0BDCF20}.Debug|Any CPU.ActiveCfg = Debug|Any CPU
		{DD6CF15B-DFC3-4564-949F-575FD0BDCF20}.Debug|Any CPU.Build.0 = Debug|Any CPU
		{DD6CF15B-DFC3-4564-949F-575FD0BDCF20}.Release|Any CPU.ActiveCfg = Release|Any CPU
		{DD6CF15B-DFC3-4564-949F-575FD0BDCF20}.Release|Any CPU.Build.0 = Release|Any CPU
	EndGlobalSection
	GlobalSection(SolutionProperties) = preSolution
		HideSolutionNode = FALSE
	EndGlobalSection
	GlobalSection(ExtensibilityGlobals) = postSolution
		SolutionGuid = {60C30D83-F279-4233-9871-9E84590F031B}
	EndGlobalSection
EndGlobal
